
Microsoft Visual Studio Solution File, Format Version 12.00
# Visual Studio Version 17
VisualStudioVersion = 17.13.35913.81
MinimumVisualStudioVersion = 10.0.40219.1
Project("{FAE04EC0-301F-11D3-BF4B-00C04F79EFBC}") = "RemoteMonitoringAndControlAPI", "RemoteMonitoringAndControlAPI\RemoteMonitoringAndControlAPI.csproj", "{3356BAAA-63F5-40E2-9765-28585CB0AB41}"
EndProject
Project("{FAE04EC0-301F-11D3-BF4B-00C04F79EFBC}") = "RemoteMonitoringAndControlAPI.Tests", "RemoteMonitoringAndControlAPI.Tests\RemoteMonitoringAndControlAPI.Tests.csproj", "{97621DF2-40C9-48F1-B702-E1153DB1DBAE}"
EndProject
Global
	GlobalSection(SolutionConfigurationPlatforms) = preSolution
		Debug|Any CPU = Debug|Any CPU
		Release|Any CPU = Release|Any CPU
	EndGlobalSection
	GlobalSection(ProjectConfigurationPlatforms) = postSolution
		{3356BAAA-63F5-40E2-9765-28585CB0AB41}.Debug|Any CPU.ActiveCfg = Debug|Any CPU
		{3356BAAA-63F5-40E2-9765-28585CB0AB41}.Debug|Any CPU.Build.0 = Debug|Any CPU
		{3356BAAA-63F5-40E2-9765-28585CB0AB41}.Release|Any CPU.ActiveCfg = Release|Any CPU
		{3356BAAA-63F5-40E2-9765-28585CB0AB41}.Release|Any CPU.Build.0 = Release|Any CPU
		{97621DF2-40C9-48F1-B702-E1153DB1DBAE}.Debug|Any CPU.ActiveCfg = Debug|Any CPU
		{97621DF2-40C9-48F1-B702-E1153DB1DBAE}.Debug|Any CPU.Build.0 = Debug|Any CPU
		{97621DF2-40C9-48F1-B702-E1153DB1DBAE}.Release|Any CPU.ActiveCfg = Release|Any CPU
		{97621DF2-40C9-48F1-B702-E1153DB1DBAE}.Release|Any CPU.Build.0 = Release|Any CPU
	EndGlobalSection
	GlobalSection(SolutionProperties) = preSolution
		HideSolutionNode = FALSE
	EndGlobalSection
	GlobalSection(ExtensibilityGlobals) = postSolution
		SolutionGuid = {14A9E03C-A802-48EA-A47F-D8F598C7AC5D}
	EndGlobalSection
EndGlobal
